// !$*UTF8*$!
{
	archiveVersion = 1;
	classes = {
	};
	objectVersion = 70;
	objects = {

/* Begin PBXBuildFile section */
		A93A953B29CC810C00F8E227 /* iosApp.swift in Sources */ = {isa = PBXBuildFile; fileRef = A93A953A29CC810C00F8E227 /* iosApp.swift */; };
		A93A953F29CC810D00F8E227 /* Assets.xcassets in Resources */ = {isa = PBXBuildFile; fileRef = A93A953E29CC810D00F8E227 /* Assets.xcassets */; };
		A93A954229CC810D00F8E227 /* Preview Assets.xcassets in Resources */ = {isa = PBXBuildFile; fileRef = A93A954129CC810D00F8E227 /* Preview Assets.xcassets */; };
		BA1017E32F25E99000A6DC27 /* SwiftCBOR in Frameworks */ = {isa = PBXBuildFile; productRef = BA1017E22F25E99000A6DC27 /* SwiftCBOR */; };
		BA1BD23D2E86CB06005CAA71 /* x-hd-wallet-api in Frameworks */ = {isa = PBXBuildFile; productRef = BA1BD23C2E86CB06005CAA71 /* x-hd-wallet-api */; };
		BA1BD2402E86CBA2005CAA71 /* ed25519swift in Frameworks */ = {isa = PBXBuildFile; productRef = BA1BD23F2E86CBA2005CAA71 /* ed25519swift */; };
		BA1BD2432E86CBB3005CAA71 /* MnemonicSwift in Frameworks */ = {isa = PBXBuildFile; productRef = BA1BD2422E86CBB3005CAA71 /* MnemonicSwift */; };
		BAB26D262F2834B3003B0073 /* composeDemoApp.framework in Frameworks */ = {isa = PBXBuildFile; fileRef = BAB26D222F28348C003B0073 /* composeDemoApp.framework */; };
		BAC161E42F296BFE0050270D /* LiquidAuthService.swift in Sources */ = {isa = PBXBuildFile; fileRef = BAC161E22F296BFE0050270D /* LiquidAuthService.swift */; };
		BAC161E52F296BFE0050270D /* LiquidAuthViewController.swift in Sources */ = {isa = PBXBuildFile; fileRef = BAC161E32F296BFE0050270D /* LiquidAuthViewController.swift */; };
		BAC1623A2F2974D20050270D /* SocketIO in Frameworks */ = {isa = PBXBuildFile; productRef = BAC162392F2974D20050270D /* SocketIO */; };
		BAC1623C2F2974E40050270D /* Base32 in Frameworks */ = {isa = PBXBuildFile; productRef = BAC1623B2F2974E40050270D /* Base32 */; };
		BAC162402F2974EB0050270D /* deterministicP256-swift in Frameworks */ = {isa = PBXBuildFile; productRef = BAC1623F2F2974EB0050270D /* deterministicP256-swift */; };
		BAC162832F29772F0050270D /* WebRTC in Frameworks */ = {isa = PBXBuildFile; productRef = BAC162822F29772F0050270D /* WebRTC */; };
		BAC1630D2F2C3BE10050270D /* algokit_transact.xcframework in Frameworks */ = {isa = PBXBuildFile; fileRef = BAC1630C2F2C3BE10050270D /* algokit_transact.xcframework */; };
		BAC1630F2F2C3BF80050270D /* algokit_transact.xcframework in Frameworks */ = {isa = PBXBuildFile; fileRef = BAC1630C2F2C3BE10050270D /* algokit_transact.xcframework */; };
		BADD91532E9B16FC00DC64A1 /* AlgoSDK.xcframework in Frameworks */ = {isa = PBXBuildFile; fileRef = BADD91512E9B16E800DC64A1 /* AlgoSDK.xcframework */; };
		BADD91542E9B16FC00DC64A1 /* AlgoSDK.xcframework in Embed Frameworks */ = {isa = PBXBuildFile; fileRef = BADD91512E9B16E800DC64A1 /* AlgoSDK.xcframework */; settings = {ATTRIBUTES = (CodeSignOnCopy, RemoveHeadersOnCopy, ); }; };
		C291B1E22F292EC700AA5CA6 /* SocketIO in Frameworks */ = {isa = PBXBuildFile; productRef = C291B1E12F292EC700AA5CA6 /* SocketIO */; };
		C291B1E52F292F0500AA5CA6 /* WebRTC in Frameworks */ = {isa = PBXBuildFile; productRef = C291B1E42F292F0500AA5CA6 /* WebRTC */; };
		C291B2022F29304900AA5CA6 /* Base32 in Frameworks */ = {isa = PBXBuildFile; productRef = C291B2012F29304900AA5CA6 /* Base32 */; };
		C2F9B3FF2F2480CD00E5B9C2 /* AuthenticationServices.framework in Frameworks */ = {isa = PBXBuildFile; fileRef = C2F9B3FE2F2480CD00E5B9C2 /* AuthenticationServices.framework */; };
		C2F9B40B2F2480CD00E5B9C2 /* AutofillCredentialExtension.appex in Embed Foundation Extensions */ = {isa = PBXBuildFile; fileRef = C2F9B3FD2F2480CD00E5B9C2 /* AutofillCredentialExtension.appex */; settings = {ATTRIBUTES = (RemoveHeadersOnCopy, ); }; };
		C2F9B4162F2483D600E5B9C2 /* AuthenticationServices.framework in Frameworks */ = {isa = PBXBuildFile; fileRef = C2F9B3FE2F2480CD00E5B9C2 /* AuthenticationServices.framework */; };
		C2F9B4202F2483D600E5B9C2 /* AuthenticationService.appex in Embed Foundation Extensions */ = {isa = PBXBuildFile; fileRef = C2F9B4152F2483D600E5B9C2 /* AuthenticationService.appex */; settings = {ATTRIBUTES = (RemoveHeadersOnCopy, ); }; };
		C2F9B4252F2489C500E5B9C2 /* MnemonicSwift in Frameworks */ = {isa = PBXBuildFile; productRef = BA1BD2422E86CBB3005CAA71 /* MnemonicSwift */; };
		C2F9B4262F2489C500E5B9C2 /* x-hd-wallet-api in Frameworks */ = {isa = PBXBuildFile; productRef = BA1BD23C2E86CB06005CAA71 /* x-hd-wallet-api */; };
		C2F9B52E2F25E12E00E5B9C2 /* deterministicP256-swift in Frameworks */ = {isa = PBXBuildFile; productRef = C2F9B52D2F25E12E00E5B9C2 /* deterministicP256-swift */; };
		C2F9B5302F25E13500E5B9C2 /* SwiftCBOR in Frameworks */ = {isa = PBXBuildFile; productRef = C2F9B52F2F25E13500E5B9C2 /* SwiftCBOR */; };
/* End PBXBuildFile section */

/* Begin PBXContainerItemProxy section */
		C2F9B4082F2480CD00E5B9C2 /* PBXContainerItemProxy */ = {
			isa = PBXContainerItemProxy;
			containerPortal = A93A952F29CC810C00F8E227 /* Project object */;
			proxyType = 1;
			remoteGlobalIDString = C2F9B3FC2F2480CD00E5B9C2;
			remoteInfo = AutofillCredentialExtension;
		};
		C2F9B41E2F2483D600E5B9C2 /* PBXContainerItemProxy */ = {
			isa = PBXContainerItemProxy;
			containerPortal = A93A952F29CC810C00F8E227 /* Project object */;
			proxyType = 1;
			remoteGlobalIDString = C2F9B4142F2483D600E5B9C2;
			remoteInfo = AuthenticationService;
		};
/* End PBXContainerItemProxy section */

/* Begin PBXCopyFilesBuildPhase section */
		BA38E79C2E94982E00388513 /* Embed Frameworks */ = {
			isa = PBXCopyFilesBuildPhase;
			buildActionMask = 2147483647;
			dstPath = "";
			dstSubfolderSpec = 10;
			files = (
				BADD91542E9B16FC00DC64A1 /* AlgoSDK.xcframework in Embed Frameworks */,
			);
			name = "Embed Frameworks";
			runOnlyForDeploymentPostprocessing = 0;
		};
		C2F9B40A2F2480CD00E5B9C2 /* Embed Foundation Extensions */ = {
			isa = PBXCopyFilesBuildPhase;
			buildActionMask = 2147483647;
			dstPath = "";
			dstSubfolderSpec = 13;
			files = (
				C2F9B4202F2483D600E5B9C2 /* AuthenticationService.appex in Embed Foundation Extensions */,
				C2F9B40B2F2480CD00E5B9C2 /* AutofillCredentialExtension.appex in Embed Foundation Extensions */,
			);
			name = "Embed Foundation Extensions";
			runOnlyForDeploymentPostprocessing = 0;
		};
/* End PBXCopyFilesBuildPhase section */

/* Begin PBXFileReference section */
		A93A953729CC810C00F8E227 /* WalletSDK Demo.app */ = {isa = PBXFileReference; explicitFileType = wrapper.application; includeInIndex = 0; path = "WalletSDK Demo.app"; sourceTree = BUILT_PRODUCTS_DIR; };
		A93A953A29CC810C00F8E227 /* iosApp.swift */ = {isa = PBXFileReference; lastKnownFileType = sourcecode.swift; path = iosApp.swift; sourceTree = "<group>"; };
		A93A953E29CC810D00F8E227 /* Assets.xcassets */ = {isa = PBXFileReference; lastKnownFileType = folder.assetcatalog; path = Assets.xcassets; sourceTree = "<group>"; };
		A93A954129CC810D00F8E227 /* Preview Assets.xcassets */ = {isa = PBXFileReference; lastKnownFileType = folder.assetcatalog; path = "Preview Assets.xcassets"; sourceTree = "<group>"; };
		BA0473392CF53E5E004A8EBF /* Info.plist */ = {isa = PBXFileReference; lastKnownFileType = text.plist.xml; path = Info.plist; sourceTree = "<group>"; };
		BA1018682F26C34E00A6DC27 /* composeDemoApp.framework */ = {isa = PBXFileReference; lastKnownFileType = wrapper.framework; name = composeDemoApp.framework; path = "../composeDemoApp/build/xcode-frameworks/Debug/iphoneos18.5/composeDemoApp.framework"; sourceTree = "<group>"; };
		BAB26D222F28348C003B0073 /* composeDemoApp.framework */ = {isa = PBXFileReference; lastKnownFileType = wrapper.framework; name = composeDemoApp.framework; path = "../composeDemoApp/build/xcode-frameworks/Debug/iphonesimulator18.5/composeDemoApp.framework"; sourceTree = "<group>"; };
		BAC161E22F296BFE0050270D /* LiquidAuthService.swift */ = {isa = PBXFileReference; lastKnownFileType = sourcecode.swift; path = LiquidAuthService.swift; sourceTree = "<group>"; };
		BAC161E32F296BFE0050270D /* LiquidAuthViewController.swift */ = {isa = PBXFileReference; lastKnownFileType = sourcecode.swift; path = LiquidAuthViewController.swift; sourceTree = "<group>"; };
		BAC1630C2F2C3BE10050270D /* algokit_transact.xcframework */ = {isa = PBXFileReference; lastKnownFileType = wrapper.xcframework; name = algokit_transact.xcframework; path = "../wallet-sdk-core/src/iosMain/xcframeworks/AlgoKitTransact/Frameworks/algokit_transact.xcframework"; sourceTree = "<group>"; };
		BADD91512E9B16E800DC64A1 /* AlgoSDK.xcframework */ = {isa = PBXFileReference; lastKnownFileType = wrapper.xcframework; name = AlgoSDK.xcframework; path = "../wallet-sdk-core/src/iosMain/xcframeworks/AlgoSDK.xcframework"; sourceTree = SOURCE_ROOT; };
		C2F9B3FD2F2480CD00E5B9C2 /* AutofillCredentialExtension.appex */ = {isa = PBXFileReference; explicitFileType = "wrapper.app-extension"; includeInIndex = 0; path = AutofillCredentialExtension.appex; sourceTree = BUILT_PRODUCTS_DIR; };
		C2F9B3FE2F2480CD00E5B9C2 /* AuthenticationServices.framework */ = {isa = PBXFileReference; lastKnownFileType = wrapper.framework; name = AuthenticationServices.framework; path = System/Library/Frameworks/AuthenticationServices.framework; sourceTree = SDKROOT; };
		C2F9B4102F24819E00E5B9C2 /* iosApp.entitlements */ = {isa = PBXFileReference; lastKnownFileType = text.plist.entitlements; path = iosApp.entitlements; sourceTree = "<group>"; };
		C2F9B4152F2483D600E5B9C2 /* AuthenticationService.appex */ = {isa = PBXFileReference; explicitFileType = "wrapper.app-extension"; includeInIndex = 0; path = AuthenticationService.appex; sourceTree = BUILT_PRODUCTS_DIR; };
/* End PBXFileReference section */

/* Begin PBXFileSystemSynchronizedBuildFileExceptionSet section */
		BAC161E72F296DE40050270D /* PBXFileSystemSynchronizedBuildFileExceptionSet */ = {
			isa = PBXFileSystemSynchronizedBuildFileExceptionSet;
			membershipExceptions = (
				AppGroupHelper.swift,
				CredentialProviderViewController.swift,
				LiquidAuthSDK/AssertionApi.swift,
				LiquidAuthSDK/AttestationApi.swift,
				LiquidAuthSDK/auth.request.json,
				LiquidAuthSDK/AuthenticatorData.swift,
				LiquidAuthSDK/DataChannelDelegate.swift,
				LiquidAuthSDK/LiquidAuthError.swift,
				LiquidAuthSDK/Logger.swift,
				LiquidAuthSDK/PeerApi.swift,
				LiquidAuthSDK/SignalClient.swift,
				LiquidAuthSDK/SignalService.swift,
				LiquidAuthSDK/URLSessionProtocol.swift,
				LiquidAuthSDK/Utility.swift,
				PasskeyManager.swift,
				SHA512_256.swift,
				WalletUtils.swift,
			);
			target = A93A953629CC810C00F8E227 /* iosApp */;
		};
		C2F9B4212F2483D600E5B9C2 /* PBXFileSystemSynchronizedBuildFileExceptionSet */ = {
			isa = PBXFileSystemSynchronizedBuildFileExceptionSet;
			membershipExceptions = (
				Info.plist,
			);
			target = C2F9B4142F2483D600E5B9C2 /* AuthenticationService */;
		};
		C2F9B4232F2489A100E5B9C2 /* PBXFileSystemSynchronizedBuildFileExceptionSet */ = {
			isa = PBXFileSystemSynchronizedBuildFileExceptionSet;
			membershipExceptions = (
				Info.plist,
			);
			target = C2F9B3FC2F2480CD00E5B9C2 /* AutofillCredentialExtension */;
		};
/* End PBXFileSystemSynchronizedBuildFileExceptionSet section */

/* Begin PBXFileSystemSynchronizedRootGroup section */
		C2F9B4002F2480CD00E5B9C2 /* AutofillCredentialExtension */ = {isa = PBXFileSystemSynchronizedRootGroup; exceptions = (BAC161E72F296DE40050270D /* PBXFileSystemSynchronizedBuildFileExceptionSet */, C2F9B4232F2489A100E5B9C2 /* PBXFileSystemSynchronizedBuildFileExceptionSet */, ); explicitFileTypes = {}; explicitFolders = (); path = AutofillCredentialExtension; sourceTree = "<group>"; };
		C2F9B4172F2483D600E5B9C2 /* AuthenticationService */ = {isa = PBXFileSystemSynchronizedRootGroup; exceptions = (C2F9B4212F2483D600E5B9C2 /* PBXFileSystemSynchronizedBuildFileExceptionSet */, ); explicitFileTypes = {}; explicitFolders = (); path = AuthenticationService; sourceTree = "<group>"; };
/* End PBXFileSystemSynchronizedRootGroup section */

/* Begin PBXFrameworksBuildPhase section */
		A93A953429CC810C00F8E227 /* Frameworks */ = {
			isa = PBXFrameworksBuildPhase;
			buildActionMask = 2147483647;
			files = (
				BA1BD2432E86CBB3005CAA71 /* MnemonicSwift in Frameworks */,
				BAC1630D2F2C3BE10050270D /* algokit_transact.xcframework in Frameworks */,
				BAC1623A2F2974D20050270D /* SocketIO in Frameworks */,
				BA1017E32F25E99000A6DC27 /* SwiftCBOR in Frameworks */,
				BADD91532E9B16FC00DC64A1 /* AlgoSDK.xcframework in Frameworks */,
				BAC162832F29772F0050270D /* WebRTC in Frameworks */,
				BA1BD2402E86CBA2005CAA71 /* ed25519swift in Frameworks */,
				BAC1623C2F2974E40050270D /* Base32 in Frameworks */,
				BA1BD23D2E86CB06005CAA71 /* x-hd-wallet-api in Frameworks */,
				BAC162402F2974EB0050270D /* deterministicP256-swift in Frameworks */,
			);
			runOnlyForDeploymentPostprocessing = 0;
		};
		C2F9B3FA2F2480CD00E5B9C2 /* Frameworks */ = {
			isa = PBXFrameworksBuildPhase;
			buildActionMask = 2147483647;
			files = (
				BAB26D262F2834B3003B0073 /* composeDemoApp.framework in Frameworks */,
				BAC1630F2F2C3BF80050270D /* algokit_transact.xcframework in Frameworks */,
				C291B1E22F292EC700AA5CA6 /* SocketIO in Frameworks */,
				C2F9B3FF2F2480CD00E5B9C2 /* AuthenticationServices.framework in Frameworks */,
				C2F9B4262F2489C500E5B9C2 /* x-hd-wallet-api in Frameworks */,
				C291B1E52F292F0500AA5CA6 /* WebRTC in Frameworks */,
				C2F9B5302F25E13500E5B9C2 /* SwiftCBOR in Frameworks */,
				C2F9B52E2F25E12E00E5B9C2 /* deterministicP256-swift in Frameworks */,
				C2F9B4252F2489C500E5B9C2 /* MnemonicSwift in Frameworks */,
				C291B2022F29304900AA5CA6 /* Base32 in Frameworks */,
			);
			runOnlyForDeploymentPostprocessing = 0;
		};
		C2F9B4122F2483D600E5B9C2 /* Frameworks */ = {
			isa = PBXFrameworksBuildPhase;
			buildActionMask = 2147483647;
			files = (
				C2F9B4162F2483D600E5B9C2 /* AuthenticationServices.framework in Frameworks */,
			);
			runOnlyForDeploymentPostprocessing = 0;
		};
/* End PBXFrameworksBuildPhase section */

/* Begin PBXGroup section */
		A93A952E29CC810C00F8E227 = {
			isa = PBXGroup;
			children = (
				BADD91512E9B16E800DC64A1 /* AlgoSDK.xcframework */,
				A93A953929CC810C00F8E227 /* iosApp */,
				C2F9B4002F2480CD00E5B9C2 /* AutofillCredentialExtension */,
				C2F9B4172F2483D600E5B9C2 /* AuthenticationService */,
				A93A953829CC810C00F8E227 /* Products */,
				C4127409AE3703430489E7BC /* Frameworks */,
			);
			sourceTree = "<group>";
		};
		A93A953829CC810C00F8E227 /* Products */ = {
			isa = PBXGroup;
			children = (
				A93A953729CC810C00F8E227 /* WalletSDK Demo.app */,
				C2F9B3FD2F2480CD00E5B9C2 /* AutofillCredentialExtension.appex */,
				C2F9B4152F2483D600E5B9C2 /* AuthenticationService.appex */,
			);
			name = Products;
			sourceTree = "<group>";
		};
		A93A953929CC810C00F8E227 /* iosApp */ = {
			isa = PBXGroup;
			children = (
				BAC161E22F296BFE0050270D /* LiquidAuthService.swift */,
				BAC161E32F296BFE0050270D /* LiquidAuthViewController.swift */,
				C2F9B4102F24819E00E5B9C2 /* iosApp.entitlements */,
				BA0473392CF53E5E004A8EBF /* Info.plist */,
				A93A953A29CC810C00F8E227 /* iosApp.swift */,
				A93A953E29CC810D00F8E227 /* Assets.xcassets */,
				A93A954029CC810D00F8E227 /* Preview Content */,
			);
			path = iosApp;
			sourceTree = "<group>";
		};
		A93A954029CC810D00F8E227 /* Preview Content */ = {
			isa = PBXGroup;
			children = (
				A93A954129CC810D00F8E227 /* Preview Assets.xcassets */,
			);
			path = "Preview Content";
			sourceTree = "<group>";
		};
		C4127409AE3703430489E7BC /* Frameworks */ = {
			isa = PBXGroup;
			children = (
				BAC1630C2F2C3BE10050270D /* algokit_transact.xcframework */,
				BA1018682F26C34E00A6DC27 /* composeDemoApp.framework */,
				BAB26D222F28348C003B0073 /* composeDemoApp.framework */,
				C2F9B3FE2F2480CD00E5B9C2 /* AuthenticationServices.framework */,
			);
			name = Frameworks;
			sourceTree = "<group>";
		};
/* End PBXGroup section */

/* Begin PBXNativeTarget section */
		A93A953629CC810C00F8E227 /* iosApp */ = {
			isa = PBXNativeTarget;
			buildConfigurationList = A93A954529CC810D00F8E227 /* Build configuration list for PBXNativeTarget "iosApp" */;
			buildPhases = (
				A93A953329CC810C00F8E227 /* Sources */,
				A93A953429CC810C00F8E227 /* Frameworks */,
				A93A953529CC810C00F8E227 /* Resources */,
				C2F9B5322F28360000E5B9C2 /* Copy Compose Resources */,
				BA38E79C2E94982E00388513 /* Embed Frameworks */,
				C2F9B40A2F2480CD00E5B9C2 /* Embed Foundation Extensions */,
			);
			buildRules = (
			);
			dependencies = (
				C2F9B4092F2480CD00E5B9C2 /* PBXTargetDependency */,
				C2F9B41F2F2483D600E5B9C2 /* PBXTargetDependency */,
			);
			name = iosApp;
			productName = iosApp;
			productReference = A93A953729CC810C00F8E227 /* WalletSDK Demo.app */;
			productType = "com.apple.product-type.application";
		};
		C2F9B3FC2F2480CD00E5B9C2 /* AutofillCredentialExtension */ = {
			isa = PBXNativeTarget;
			buildConfigurationList = C2F9B40F2F2480CD00E5B9C2 /* Build configuration list for PBXNativeTarget "AutofillCredentialExtension" */;
			buildPhases = (
				C2F9B5312F28352100E5B9C2 /* Compile Kotlin Framework for Extension */,
				C2F9B3F92F2480CD00E5B9C2 /* Sources */,
				C2F9B3FA2F2480CD00E5B9C2 /* Frameworks */,
				C2F9B3FB2F2480CD00E5B9C2 /* Resources */,
				C2F9B5322F28360000E5B9C2 /* Copy Compose Resources */,
			);
			buildRules = (
			);
			dependencies = (
			);
			fileSystemSynchronizedGroups = (
				C2F9B4002F2480CD00E5B9C2 /* AutofillCredentialExtension */,
			);
			name = AutofillCredentialExtension;
			packageProductDependencies = (
				BA1BD23C2E86CB06005CAA71 /* x-hd-wallet-api */,
				BA1BD2422E86CBB3005CAA71 /* MnemonicSwift */,
				C2F9B52D2F25E12E00E5B9C2 /* deterministicP256-swift */,
				C2F9B52F2F25E13500E5B9C2 /* SwiftCBOR */,
				C291B1E12F292EC700AA5CA6 /* SocketIO */,
				C291B1E42F292F0500AA5CA6 /* WebRTC */,
				C291B2012F29304900AA5CA6 /* Base32 */,
			);
			productName = AutofillCredentialExtension;
			productReference = C2F9B3FD2F2480CD00E5B9C2 /* AutofillCredentialExtension.appex */;
			productType = "com.apple.product-type.app-extension";
		};
		C2F9B4142F2483D600E5B9C2 /* AuthenticationService */ = {
			isa = PBXNativeTarget;
			buildConfigurationList = C2F9B4222F2483D600E5B9C2 /* Build configuration list for PBXNativeTarget "AuthenticationService" */;
			buildPhases = (
				C2F9B4112F2483D600E5B9C2 /* Sources */,
				C2F9B4122F2483D600E5B9C2 /* Frameworks */,
				C2F9B4132F2483D600E5B9C2 /* Resources */,
			);
			buildRules = (
			);
			dependencies = (
			);
			fileSystemSynchronizedGroups = (
				C2F9B4172F2483D600E5B9C2 /* AuthenticationService */,
			);
			name = AuthenticationService;
			packageProductDependencies = (
			);
			productName = AuthenticationService;
			productReference = C2F9B4152F2483D600E5B9C2 /* AuthenticationService.appex */;
			productType = "com.apple.product-type.app-extension";
		};
/* End PBXNativeTarget section */

/* Begin PBXProject section */
		A93A952F29CC810C00F8E227 /* Project object */ = {
			isa = PBXProject;
			attributes = {
				LastSwiftUpdateCheck = 1640;
				LastUpgradeCheck = 1420;
				TargetAttributes = {
					A93A953629CC810C00F8E227 = {
						CreatedOnToolsVersion = 14.2;
					};
					C2F9B3FC2F2480CD00E5B9C2 = {
						CreatedOnToolsVersion = 16.4;
					};
					C2F9B4142F2483D600E5B9C2 = {
						CreatedOnToolsVersion = 16.4;
					};
				};
			};
			buildConfigurationList = A93A953229CC810C00F8E227 /* Build configuration list for PBXProject "iosApp" */;
			compatibilityVersion = "Xcode 14.0";
			developmentRegion = en;
			hasScannedForEncodings = 0;
			knownRegions = (
				en,
				Base,
			);
			mainGroup = A93A952E29CC810C00F8E227;
			packageReferences = (
				BA1BD23E2E86CBA2005CAA71 /* XCRemoteSwiftPackageReference "ed25519swift" */,
				BA1BD2412E86CBB3005CAA71 /* XCRemoteSwiftPackageReference "MnemonicSwift" */,
				BA38E79D2E94987500388513 /* XCRemoteSwiftPackageReference "algorand-devrel-xHD-Wallet-API-swift" */,
				C2F9B47B2F24980A00E5B9C2 /* XCRemoteSwiftPackageReference "Base32" */,
				C2F9B4822F249C5C00E5B9C2 /* XCRemoteSwiftPackageReference "deterministic-P256-swift" */,
				C2F9B4832F249D1D00E5B9C2 /* XCRemoteSwiftPackageReference "SwiftCBOR" */,
				C291B1E02F292EC700AA5CA6 /* XCRemoteSwiftPackageReference "socket.io-client-swift" */,
				C291B1E32F292F0500AA5CA6 /* XCRemoteSwiftPackageReference "WebRTC" */,
			);
			productRefGroup = A93A953829CC810C00F8E227 /* Products */;
			projectDirPath = "";
			projectRoot = "";
			targets = (
				A93A953629CC810C00F8E227 /* iosApp */,
				C2F9B3FC2F2480CD00E5B9C2 /* AutofillCredentialExtension */,
				C2F9B4142F2483D600E5B9C2 /* AuthenticationService */,
			);
		};
/* End PBXProject section */

/* Begin PBXResourcesBuildPhase section */
		A93A953529CC810C00F8E227 /* Resources */ = {
			isa = PBXResourcesBuildPhase;
			buildActionMask = 2147483647;
			files = (
				A93A954229CC810D00F8E227 /* Preview Assets.xcassets in Resources */,
				A93A953F29CC810D00F8E227 /* Assets.xcassets in Resources */,
			);
			runOnlyForDeploymentPostprocessing = 0;
		};
		C2F9B3FB2F2480CD00E5B9C2 /* Resources */ = {
			isa = PBXResourcesBuildPhase;
			buildActionMask = 2147483647;
			files = (
			);
			runOnlyForDeploymentPostprocessing = 0;
		};
		C2F9B4132F2483D600E5B9C2 /* Resources */ = {
			isa = PBXResourcesBuildPhase;
			buildActionMask = 2147483647;
			files = (
			);
			runOnlyForDeploymentPostprocessing = 0;
		};
/* End PBXResourcesBuildPhase section */

/* Begin PBXShellScriptBuildPhase section */
		C2F9B5312F28352100E5B9C2 /* Compile Kotlin Framework for Extension */ = {
			isa = PBXShellScriptBuildPhase;
			buildActionMask = 2147483647;
			files = (
			);
			inputPaths = (
			);
			name = "Compile Kotlin Framework for Extension";
			outputPaths = (
				"$(SRCROOT)/../composeDemoApp/build/xcode-frameworks/$(CONFIGURATION)/$(SDK_NAME)/composeDemoApp.framework",
			);
			runOnlyForDeploymentPostprocessing = 0;
			shellPath = /bin/sh;
			shellScript = "if [ \"YES\" = \"$OVERRIDE_KOTLIN_BUILD_IDE_SUPPORTED\" ]; then\n  echo \"Skipping Gradle build task invocation due to OVERRIDE_KOTLIN_BUILD_IDE_SUPPORTED environment variable set to \\\"YES\\\"\"\n  exit 0\nfi\nif [ -z \"$JAVA_HOME\" ]; then\n  JAVA_HOME=$(/usr/libexec/java_home 2>/dev/null || true)\nfi\nif [ -z \"$JAVA_HOME\" ]; then\n  if [ -d \"/Applications/Android Studio.app/Contents/jbr/Contents/Home\" ]; then\n    JAVA_HOME=\"/Applications/Android Studio.app/Contents/jbr/Contents/Home\"\n  elif [ -d \"/Applications/Android Studio.app/Contents/jre/Contents/Home\" ]; then\n    JAVA_HOME=\"/Applications/Android Studio.app/Contents/jre/Contents/Home\"\n  fi\nfi\nif [ -n \"$JAVA_HOME\" ]; then\n  export JAVA_HOME\n  export PATH=\"$JAVA_HOME/bin:$PATH\"\nelse\n  echo \"JAVA_HOME is not set and no JDK was found. Install a JDK (e.g., Temurin 21) or set JAVA_HOME, then rebuild.\" >&2\n  exit 1\nfi\ncd \"$SRCROOT/..\"\n./gradlew :composeDemoApp:embedAndSignAppleFrameworkForXcode\n";
		};
		C2F9B5322F28360000E5B9C2 /* Copy Compose Resources */ = {
			isa = PBXShellScriptBuildPhase;
			buildActionMask = 2147483647;
			files = (
			);
			inputPaths = (
			);
			name = "Copy Compose Resources";
			outputPaths = (
			);
			runOnlyForDeploymentPostprocessing = 0;
			shellPath = /bin/sh;
			shellScript = "# Determine the architecture based on SDK\nif [[ \"$PLATFORM_NAME\" == \"iphonesimulator\" ]]; then\n  if [[ \"$ARCHS\" == *\"arm64\"* ]] || [[ \"$(uname -m)\" == \"arm64\" ]]; then\n    ARCH_DIR=\"iosSimulatorArm64Main\"\n  else\n    ARCH_DIR=\"iosX64Main\"\n  fi\nelse\n  ARCH_DIR=\"iosArm64Main\"\nfi\n\n# List of modules with Compose resources\nMODULES=(\"composeDemoApp\" \"wallet-sdk-ui\" \"wallet-sdk-core\")\n\n# Destination path (note: includes composeResources subdirectory)\nRESOURCE_DEST=\"$TARGET_BUILD_DIR/$UNLOCALIZED_RESOURCES_FOLDER_PATH/compose-resources/composeResources\"\n\necho \"📦 Copying Compose resources for architecture: $ARCH_DIR\"\n\n# Create the destination directory if it doesn't exist\nmkdir -p \"$RESOURCE_DEST\"\n\n# Copy resources from each module\nfor MODULE in \"${MODULES[@]}\"; do\n  RESOURCE_SRC=\"$SRCROOT/../$MODULE/build/generated/compose/resourceGenerator/assembledResources/$ARCH_DIR/composeResources\"\n  \n  if [ -d \"$RESOURCE_SRC\" ]; then\n    echo \"  ✅ Copying resources from $MODULE\"\n    cp -R \"$RESOURCE_SRC/\"* \"$RESOURCE_DEST/\" 2>/dev/null || true\n  else\n    echo \"  ℹ️  No resources found for $MODULE (this is OK if module has no resources)\"\n  fi\ndone\n\necho \"📦 Compose resources copy complete\"\n";
		};
/* End PBXShellScriptBuildPhase section */

/* Begin PBXSourcesBuildPhase section */
		A93A953329CC810C00F8E227 /* Sources */ = {
			isa = PBXSourcesBuildPhase;
			buildActionMask = 2147483647;
			files = (
				A93A953B29CC810C00F8E227 /* iosApp.swift in Sources */,
				BAC161E42F296BFE0050270D /* LiquidAuthService.swift in Sources */,
				BAC161E52F296BFE0050270D /* LiquidAuthViewController.swift in Sources */,
			);
			runOnlyForDeploymentPostprocessing = 0;
		};
		C2F9B3F92F2480CD00E5B9C2 /* Sources */ = {
			isa = PBXSourcesBuildPhase;
			buildActionMask = 2147483647;
			files = (
			);
			runOnlyForDeploymentPostprocessing = 0;
		};
		C2F9B4112F2483D600E5B9C2 /* Sources */ = {
			isa = PBXSourcesBuildPhase;
			buildActionMask = 2147483647;
			files = (
			);
			runOnlyForDeploymentPostprocessing = 0;
		};
/* End PBXSourcesBuildPhase section */

/* Begin PBXTargetDependency section */
		C2F9B4092F2480CD00E5B9C2 /* PBXTargetDependency */ = {
			isa = PBXTargetDependency;
			target = C2F9B3FC2F2480CD00E5B9C2 /* AutofillCredentialExtension */;
			targetProxy = C2F9B4082F2480CD00E5B9C2 /* PBXContainerItemProxy */;
		};
		C2F9B41F2F2483D600E5B9C2 /* PBXTargetDependency */ = {
			isa = PBXTargetDependency;
			target = C2F9B4142F2483D600E5B9C2 /* AuthenticationService */;
			targetProxy = C2F9B41E2F2483D600E5B9C2 /* PBXContainerItemProxy */;
		};
/* End PBXTargetDependency section */

/* Begin XCBuildConfiguration section */
		A93A954329CC810D00F8E227 /* Debug */ = {
			isa = XCBuildConfiguration;
			buildSettings = {
				ALWAYS_SEARCH_USER_PATHS = NO;
				CLANG_ANALYZER_NONNULL = YES;
				CLANG_ANALYZER_NUMBER_OBJECT_CONVERSION = YES_AGGRESSIVE;
				CLANG_CXX_LANGUAGE_STANDARD = "gnu++20";
				CLANG_ENABLE_MODULES = YES;
				CLANG_ENABLE_OBJC_ARC = YES;
				CLANG_ENABLE_OBJC_WEAK = YES;
				CLANG_WARN_BLOCK_CAPTURE_AUTORELEASING = YES;
				CLANG_WARN_BOOL_CONVERSION = YES;
				CLANG_WARN_COMMA = YES;
				CLANG_WARN_CONSTANT_CONVERSION = YES;
				CLANG_WARN_DEPRECATED_OBJC_IMPLEMENTATIONS = YES;
				CLANG_WARN_DIRECT_OBJC_ISA_USAGE = YES_ERROR;
				CLANG_WARN_DOCUMENTATION_COMMENTS = YES;
				CLANG_WARN_EMPTY_BODY = YES;
				CLANG_WARN_ENUM_CONVERSION = YES;
				CLANG_WARN_INFINITE_RECURSION = YES;
				CLANG_WARN_INT_CONVERSION = YES;
				CLANG_WARN_NON_LITERAL_NULL_CONVERSION = YES;
				CLANG_WARN_OBJC_IMPLICIT_RETAIN_SELF = YES;
				CLANG_WARN_OBJC_LITERAL_CONVERSION = YES;
				CLANG_WARN_OBJC_ROOT_CLASS = YES_ERROR;
				CLANG_WARN_QUOTED_INCLUDE_IN_FRAMEWORK_HEADER = YES;
				CLANG_WARN_RANGE_LOOP_ANALYSIS = YES;
				CLANG_WARN_STRICT_PROTOTYPES = YES;
				CLANG_WARN_SUSPICIOUS_MOVE = YES;
				CLANG_WARN_UNGUARDED_AVAILABILITY = YES_AGGRESSIVE;
				CLANG_WARN_UNREACHABLE_CODE = YES;
				CLANG_WARN__DUPLICATE_METHOD_MATCH = YES;
				COPY_PHASE_STRIP = NO;
				DEBUG_INFORMATION_FORMAT = "dwarf-with-dsym";
				ENABLE_STRICT_OBJC_MSGSEND = YES;
				ENABLE_TESTABILITY = YES;
				GCC_C_LANGUAGE_STANDARD = gnu11;
				GCC_DYNAMIC_NO_PIC = NO;
				GCC_NO_COMMON_BLOCKS = YES;
				GCC_OPTIMIZATION_LEVEL = 0;
				GCC_PREPROCESSOR_DEFINITIONS = (
					"DEBUG=1",
					"$(inherited)",
				);
				GCC_WARN_64_TO_32_BIT_CONVERSION = YES;
				GCC_WARN_ABOUT_RETURN_TYPE = YES_ERROR;
				GCC_WARN_UNDECLARED_SELECTOR = YES;
				GCC_WARN_UNINITIALIZED_AUTOS = YES_AGGRESSIVE;
				GCC_WARN_UNUSED_FUNCTION = YES;
				GCC_WARN_UNUSED_VARIABLE = YES;
				GENERATE_INFOPLIST_FILE = YES;
				IPHONEOS_DEPLOYMENT_TARGET = 17.0;
				MTL_ENABLE_DEBUG_INFO = INCLUDE_SOURCE;
				MTL_FAST_MATH = YES;
				ONLY_ACTIVE_ARCH = YES;
				PRODUCT_NAME = "";
				SDKROOT = iphoneos;
				SWIFT_ACTIVE_COMPILATION_CONDITIONS = DEBUG;
				SWIFT_OPTIMIZATION_LEVEL = "-Onone";
			};
			name = Debug;
		};
		A93A954429CC810D00F8E227 /* Release */ = {
			isa = XCBuildConfiguration;
			buildSettings = {
				ALWAYS_SEARCH_USER_PATHS = NO;
				CLANG_ANALYZER_NONNULL = YES;
				CLANG_ANALYZER_NUMBER_OBJECT_CONVERSION = YES_AGGRESSIVE;
				CLANG_CXX_LANGUAGE_STANDARD = "gnu++20";
				CLANG_ENABLE_MODULES = YES;
				CLANG_ENABLE_OBJC_ARC = YES;
				CLANG_ENABLE_OBJC_WEAK = YES;
				CLANG_WARN_BLOCK_CAPTURE_AUTORELEASING = YES;
				CLANG_WARN_BOOL_CONVERSION = YES;
				CLANG_WARN_COMMA = YES;
				CLANG_WARN_CONSTANT_CONVERSION = YES;
				CLANG_WARN_DEPRECATED_OBJC_IMPLEMENTATIONS = YES;
				CLANG_WARN_DIRECT_OBJC_ISA_USAGE = YES_ERROR;
				CLANG_WARN_DOCUMENTATION_COMMENTS = YES;
				CLANG_WARN_EMPTY_BODY = YES;
				CLANG_WARN_ENUM_CONVERSION = YES;
				CLANG_WARN_INFINITE_RECURSION = YES;
				CLANG_WARN_INT_CONVERSION = YES;
				CLANG_WARN_NON_LITERAL_NULL_CONVERSION = YES;
				CLANG_WARN_OBJC_IMPLICIT_RETAIN_SELF = YES;
				CLANG_WARN_OBJC_LITERAL_CONVERSION = YES;
				CLANG_WARN_OBJC_ROOT_CLASS = YES_ERROR;
				CLANG_WARN_QUOTED_INCLUDE_IN_FRAMEWORK_HEADER = YES;
				CLANG_WARN_RANGE_LOOP_ANALYSIS = YES;
				CLANG_WARN_STRICT_PROTOTYPES = YES;
				CLANG_WARN_SUSPICIOUS_MOVE = YES;
				CLANG_WARN_UNGUARDED_AVAILABILITY = YES_AGGRESSIVE;
				CLANG_WARN_UNREACHABLE_CODE = YES;
				CLANG_WARN__DUPLICATE_METHOD_MATCH = YES;
				COPY_PHASE_STRIP = NO;
				DEBUG_INFORMATION_FORMAT = "dwarf-with-dsym";
				ENABLE_NS_ASSERTIONS = NO;
				ENABLE_STRICT_OBJC_MSGSEND = YES;
				GCC_C_LANGUAGE_STANDARD = gnu11;
				GCC_NO_COMMON_BLOCKS = YES;
				GCC_WARN_64_TO_32_BIT_CONVERSION = YES;
				GCC_WARN_ABOUT_RETURN_TYPE = YES_ERROR;
				GCC_WARN_UNDECLARED_SELECTOR = YES;
				GCC_WARN_UNINITIALIZED_AUTOS = YES_AGGRESSIVE;
				GCC_WARN_UNUSED_FUNCTION = YES;
				GCC_WARN_UNUSED_VARIABLE = YES;
				GENERATE_INFOPLIST_FILE = YES;
				IPHONEOS_DEPLOYMENT_TARGET = 17.0;
				MTL_ENABLE_DEBUG_INFO = NO;
				MTL_FAST_MATH = YES;
				PRODUCT_NAME = "";
				SDKROOT = iphoneos;
				SWIFT_COMPILATION_MODE = wholemodule;
				SWIFT_OPTIMIZATION_LEVEL = "-O";
				VALIDATE_PRODUCT = YES;
			};
			name = Release;
		};
		A93A954629CC810D00F8E227 /* Debug */ = {
			isa = XCBuildConfiguration;
			buildSettings = {
				ASSETCATALOG_COMPILER_APPICON_NAME = AppIcon;
				ASSETCATALOG_COMPILER_GLOBAL_ACCENT_COLOR_NAME = AccentColor;
				CODE_SIGN_ENTITLEMENTS = iosApp/iosApp.entitlements;
				CODE_SIGN_IDENTITY = "Apple Development";
				CODE_SIGN_STYLE = Automatic;
				CURRENT_PROJECT_VERSION = 30;
				DEBUG_INFORMATION_FORMAT = "dwarf-with-dsym";
				DEVELOPMENT_ASSET_PATHS = "\"iosApp/Preview Content\"";
				DEVELOPMENT_TEAM = 8W2L568H7X;
				ENABLE_PREVIEWS = NO;
				EXCLUDED_ARCHS = "";
				FRAMEWORK_SEARCH_PATHS = "\"$(SRCROOT)/../composeDemoApp/build/xcode-frameworks/$(CONFIGURATION)/$(SDK_NAME)\"";
				GENERATE_INFOPLIST_FILE = YES;
				INFOPLIST_FILE = iosApp/Info.plist;
				INFOPLIST_KEY_CFBundleDisplayName = "WalletSDK Demo";
				INFOPLIST_KEY_LSApplicationCategoryType = "public.app-category.developer-tools";
				INFOPLIST_KEY_NSCameraUsageDescription = "WalletSDK Demo camera description.";
				INFOPLIST_KEY_NSPhotoLibraryUsageDescription = "WalletSDK Demo photos description.";
				INFOPLIST_KEY_UILaunchScreen_Generation = YES;
				INFOPLIST_KEY_UISupportedInterfaceOrientations = "UIInterfaceOrientationLandscapeLeft UIInterfaceOrientationLandscapeRight UIInterfaceOrientationPortrait UIInterfaceOrientationPortraitUpsideDown";
				IPHONEOS_DEPLOYMENT_TARGET = 18.5;
				LD_RUNPATH_SEARCH_PATHS = (
					"$(inherited)",
					"@executable_path/Frameworks",
				);
				MARKETING_VERSION = 3.202602.1;
				ONLY_ACTIVE_ARCH = YES;
				PRODUCT_BUNDLE_IDENTIFIER = com.michaeltchuang.walletsdk.demo;
				PRODUCT_NAME = "WalletSDK Demo";
				PROVISIONING_PROFILE_SPECIFIER = "";
				SUPPORTED_PLATFORMS = "iphoneos iphonesimulator";
				SUPPORTS_MACCATALYST = NO;
				SUPPORTS_MAC_DESIGNED_FOR_IPHONE_IPAD = NO;
				SUPPORTS_XR_DESIGNED_FOR_IPHONE_IPAD = NO;
				SWIFT_EMIT_LOC_STRINGS = YES;
				SWIFT_VERSION = 5.0;
				TARGETED_DEVICE_FAMILY = "1,2";
				VALIDATE_WORKSPACE = YES;
			};
			name = Debug;
		};
		A93A954729CC810D00F8E227 /* Release */ = {
			isa = XCBuildConfiguration;
			buildSettings = {
				ASSETCATALOG_COMPILER_APPICON_NAME = AppIcon;
				ASSETCATALOG_COMPILER_GLOBAL_ACCENT_COLOR_NAME = AccentColor;
				CODE_SIGN_ENTITLEMENTS = iosApp/iosApp.entitlements;
				CODE_SIGN_IDENTITY = "Apple Development";
				CODE_SIGN_STYLE = Automatic;
				CURRENT_PROJECT_VERSION = 30;
				DEVELOPMENT_ASSET_PATHS = "\"iosApp/Preview Content\"";
				DEVELOPMENT_TEAM = 8W2L568H7X;
				ENABLE_PREVIEWS = NO;
				EXCLUDED_ARCHS = "";
				FRAMEWORK_SEARCH_PATHS = "\"$(SRCROOT)/../composeDemoApp/build/xcode-frameworks/$(CONFIGURATION)/$(SDK_NAME)\"";
				GCC_OPTIMIZATION_LEVEL = 0;
				GENERATE_INFOPLIST_FILE = YES;
				INFOPLIST_FILE = iosApp/Info.plist;
				INFOPLIST_KEY_CFBundleDisplayName = "WalletSDK Demo";
				INFOPLIST_KEY_LSApplicationCategoryType = "public.app-category.developer-tools";
				INFOPLIST_KEY_NSCameraUsageDescription = "WalletSDK Demo camera description.";
				INFOPLIST_KEY_NSPhotoLibraryUsageDescription = "WalletSDK Demo photos description.";
				INFOPLIST_KEY_UILaunchScreen_Generation = YES;
				INFOPLIST_KEY_UISupportedInterfaceOrientations = "UIInterfaceOrientationLandscapeLeft UIInterfaceOrientationLandscapeRight UIInterfaceOrientationPortrait UIInterfaceOrientationPortraitUpsideDown";
				IPHONEOS_DEPLOYMENT_TARGET = 18.5;
				LD_RUNPATH_SEARCH_PATHS = (
					"$(inherited)",
					"@executable_path/Frameworks",
				);
				MARKETING_VERSION = 3.202602.1;
				ONLY_ACTIVE_ARCH = NO;
				PRODUCT_BUNDLE_IDENTIFIER = com.michaeltchuang.walletsdk.demo;
				PRODUCT_NAME = "WalletSDK Demo";
				PROVISIONING_PROFILE_SPECIFIER = "";
				SUPPORTED_PLATFORMS = "iphoneos iphonesimulator";
				SUPPORTS_MACCATALYST = NO;
				SUPPORTS_MAC_DESIGNED_FOR_IPHONE_IPAD = NO;
				SUPPORTS_XR_DESIGNED_FOR_IPHONE_IPAD = NO;
				SWIFT_EMIT_LOC_STRINGS = YES;
				SWIFT_OPTIMIZATION_LEVEL = "-Onone";
				SWIFT_VERSION = 5.0;
				TARGETED_DEVICE_FAMILY = "1,2";
				VALIDATE_WORKSPACE = YES;
			};
			name = Release;
		};
		C2F9B40C2F2480CD00E5B9C2 /* Debug */ = {
			isa = XCBuildConfiguration;
			buildSettings = {
				ASSETCATALOG_COMPILER_GENERATE_SWIFT_ASSET_SYMBOL_EXTENSIONS = YES;
				CODE_SIGN_ENTITLEMENTS = AutofillCredentialExtension/AutofillCredentialExtension.entitlements;
				CODE_SIGN_IDENTITY = "Apple Development";
				CODE_SIGN_STYLE = Automatic;
				CURRENT_PROJECT_VERSION = 1;
				DEBUG_INFORMATION_FORMAT = dwarf;
				DEVELOPMENT_TEAM = 8W2L568H7X;
				ENABLE_USER_SCRIPT_SANDBOXING = NO;
				FRAMEWORK_SEARCH_PATHS = (
					"$(inherited)",
					"$(SRCROOT)/../composeDemoApp/build/xcode-frameworks/$(CONFIGURATION)/$(SDK_NAME)",
				);
				GCC_C_LANGUAGE_STANDARD = gnu17;
				GENERATE_INFOPLIST_FILE = YES;
				INFOPLIST_FILE = AutofillCredentialExtension/Info.plist;
				INFOPLIST_KEY_CFBundleDisplayName = AutofillCredentialExtension;
				INFOPLIST_KEY_NSHumanReadableCopyright = "";
				IPHONEOS_DEPLOYMENT_TARGET = 18.5;
				LD_RUNPATH_SEARCH_PATHS = (
					"$(inherited)",
					"@executable_path/Frameworks",
					"@executable_path/../../Frameworks",
				);
				LOCALIZATION_PREFERS_STRING_CATALOGS = YES;
				MARKETING_VERSION = 1.0;
				OTHER_LDFLAGS = (
					"$(inherited)",
					"-framework",
					composeDemoApp,
				);
				PRODUCT_BUNDLE_IDENTIFIER = com.michaeltchuang.walletsdk.demo.AutofillCredentialExtension;
				PRODUCT_NAME = "$(TARGET_NAME)";
				SKIP_INSTALL = YES;
				SWIFT_ACTIVE_COMPILATION_CONDITIONS = "DEBUG $(inherited)";
				SWIFT_EMIT_LOC_STRINGS = YES;
				SWIFT_VERSION = 5.0;
				TARGETED_DEVICE_FAMILY = "1,2";
			};
			name = Debug;
		};
		C2F9B40D2F2480CD00E5B9C2 /* Release */ = {
			isa = XCBuildConfiguration;
			buildSettings = {
				ASSETCATALOG_COMPILER_GENERATE_SWIFT_ASSET_SYMBOL_EXTENSIONS = YES;
				CODE_SIGN_ENTITLEMENTS = AutofillCredentialExtension/AutofillCredentialExtension.entitlements;
				CODE_SIGN_IDENTITY = "Apple Development";
				CODE_SIGN_STYLE = Automatic;
				CURRENT_PROJECT_VERSION = 1;
				DEVELOPMENT_TEAM = 8W2L568H7X;
				ENABLE_USER_SCRIPT_SANDBOXING = NO;
				FRAMEWORK_SEARCH_PATHS = (
					"$(inherited)",
					"$(SRCROOT)/../composeDemoApp/build/xcode-frameworks/$(CONFIGURATION)/$(SDK_NAME)",
				);
				GCC_C_LANGUAGE_STANDARD = gnu17;
				GENERATE_INFOPLIST_FILE = YES;
				INFOPLIST_FILE = AutofillCredentialExtension/Info.plist;
				INFOPLIST_KEY_CFBundleDisplayName = AutofillCredentialExtension;
				INFOPLIST_KEY_NSHumanReadableCopyright = "";
				IPHONEOS_DEPLOYMENT_TARGET = 18.5;
				LD_RUNPATH_SEARCH_PATHS = (
					"$(inherited)",
					"@executable_path/Frameworks",
					"@executable_path/../../Frameworks",
				);
				LOCALIZATION_PREFERS_STRING_CATALOGS = YES;
				MARKETING_VERSION = 1.0;
				OTHER_LDFLAGS = (
					"$(inherited)",
					"-framework",
					composeDemoApp,
				);
				PRODUCT_BUNDLE_IDENTIFIER = com.michaeltchuang.walletsdk.demo.AutofillCredentialExtension;
				PRODUCT_NAME = "$(TARGET_NAME)";
				SKIP_INSTALL = YES;
				SWIFT_EMIT_LOC_STRINGS = YES;
				SWIFT_VERSION = 5.0;
				TARGETED_DEVICE_FAMILY = "1,2";
			};
			name = Release;
		};
		C2F9B4232F2483D600E5B9C2 /* Debug */ = {
			isa = XCBuildConfiguration;
			buildSettings = {
				ASSETCATALOG_COMPILER_GENERATE_SWIFT_ASSET_SYMBOL_EXTENSIONS = YES;
				CODE_SIGN_IDENTITY = "Apple Development";
				CODE_SIGN_STYLE = Automatic;
				CURRENT_PROJECT_VERSION = 1;
				DEBUG_INFORMATION_FORMAT = dwarf;
				DEVELOPMENT_TEAM = 8W2L568H7X;
				ENABLE_USER_SCRIPT_SANDBOXING = YES;
				GCC_C_LANGUAGE_STANDARD = gnu17;
				GENERATE_INFOPLIST_FILE = YES;
				INFOPLIST_FILE = AuthenticationService/Info.plist;
				INFOPLIST_KEY_CFBundleDisplayName = AuthenticationService;
				INFOPLIST_KEY_NSHumanReadableCopyright = "";
				IPHONEOS_DEPLOYMENT_TARGET = 18.5;
				LD_RUNPATH_SEARCH_PATHS = (
					"$(inherited)",
					"@executable_path/Frameworks",
					"@executable_path/../../Frameworks",
				);
				LOCALIZATION_PREFERS_STRING_CATALOGS = YES;
				MARKETING_VERSION = 1.0;
				PRODUCT_BUNDLE_IDENTIFIER = com.michaeltchuang.walletsdk.demo.AuthenticationService;
				PRODUCT_NAME = "$(TARGET_NAME)";
				SKIP_INSTALL = YES;
				SWIFT_ACTIVE_COMPILATION_CONDITIONS = "DEBUG $(inherited)";
				SWIFT_EMIT_LOC_STRINGS = YES;
				SWIFT_VERSION = 5.0;
				TARGETED_DEVICE_FAMILY = "1,2";
			};
			name = Debug;
		};
		C2F9B4242F2483D600E5B9C2 /* Release */ = {
			isa = XCBuildConfiguration;
			buildSettings = {
				ASSETCATALOG_COMPILER_GENERATE_SWIFT_ASSET_SYMBOL_EXTENSIONS = YES;
				CODE_SIGN_IDENTITY = "Apple Development";
				CODE_SIGN_STYLE = Automatic;
				CURRENT_PROJECT_VERSION = 1;
				DEVELOPMENT_TEAM = 8W2L568H7X;
				ENABLE_USER_SCRIPT_SANDBOXING = YES;
				GCC_C_LANGUAGE_STANDARD = gnu17;
				GENERATE_INFOPLIST_FILE = YES;
				INFOPLIST_FILE = AuthenticationService/Info.plist;
				INFOPLIST_KEY_CFBundleDisplayName = AuthenticationService;
				INFOPLIST_KEY_NSHumanReadableCopyright = "";
				IPHONEOS_DEPLOYMENT_TARGET = 18.5;
				LD_RUNPATH_SEARCH_PATHS = (
					"$(inherited)",
					"@executable_path/Frameworks",
					"@executable_path/../../Frameworks",
				);
				LOCALIZATION_PREFERS_STRING_CATALOGS = YES;
				MARKETING_VERSION = 1.0;
				PRODUCT_BUNDLE_IDENTIFIER = com.michaeltchuang.walletsdk.demo.AuthenticationService;
				PRODUCT_NAME = "$(TARGET_NAME)";
				SKIP_INSTALL = YES;
				SWIFT_EMIT_LOC_STRINGS = YES;
				SWIFT_VERSION = 5.0;
				TARGETED_DEVICE_FAMILY = "1,2";
			};
			name = Release;
		};
/* End XCBuildConfiguration section */

/* Begin XCConfigurationList section */
		A93A953229CC810C00F8E227 /* Build configuration list for PBXProject "iosApp" */ = {
			isa = XCConfigurationList;
			buildConfigurations = (
				A93A954329CC810D00F8E227 /* Debug */,
				A93A954429CC810D00F8E227 /* Release */,
			);
			defaultConfigurationIsVisible = 0;
			defaultConfigurationName = Release;
		};
		A93A954529CC810D00F8E227 /* Build configuration list for PBXNativeTarget "iosApp" */ = {
			isa = XCConfigurationList;
			buildConfigurations = (
				A93A954629CC810D00F8E227 /* Debug */,
				A93A954729CC810D00F8E227 /* Release */,
			);
			defaultConfigurationIsVisible = 0;
			defaultConfigurationName = Release;
		};
		C2F9B40F2F2480CD00E5B9C2 /* Build configuration list for PBXNativeTarget "AutofillCredentialExtension" */ = {
			isa = XCConfigurationList;
			buildConfigurations = (
				C2F9B40C2F2480CD00E5B9C2 /* Debug */,
				C2F9B40D2F2480CD00E5B9C2 /* Release */,
			);
			defaultConfigurationIsVisible = 0;
			defaultConfigurationName = Release;
		};
		C2F9B4222F2483D600E5B9C2 /* Build configuration list for PBXNativeTarget "AuthenticationService" */ = {
			isa = XCConfigurationList;
			buildConfigurations = (
				C2F9B4232F2483D600E5B9C2 /* Debug */,
				C2F9B4242F2483D600E5B9C2 /* Release */,
			);
			defaultConfigurationIsVisible = 0;
			defaultConfigurationName = Release;
		};
/* End XCConfigurationList section */

/* Begin XCRemoteSwiftPackageReference section */
		BA1BD23B2E86CB06005CAA71 /* XCRemoteSwiftPackageReference "algorand-devrel-xHD-Wallet-API-swift" */ = {
			isa = XCRemoteSwiftPackageReference;
			repositoryURL = "https://github.com/michaeltchuang/algorand-devrel-xHD-Wallet-API-swift.git";
			requirement = {
				branch = "fix/upgrade_sodium ";
				kind = branch;
			};
		};
		BA1BD23E2E86CBA2005CAA71 /* XCRemoteSwiftPackageReference "ed25519swift" */ = {
			isa = XCRemoteSwiftPackageReference;
			repositoryURL = "https://github.com/pebble8888/ed25519swift";
			requirement = {
				kind = upToNextMajorVersion;
				minimumVersion = 1.2.8;
			};
		};
		BA1BD2412E86CBB3005CAA71 /* XCRemoteSwiftPackageReference "MnemonicSwift" */ = {
			isa = XCRemoteSwiftPackageReference;
			repositoryURL = "https://github.com/Electric-Coin-Company/MnemonicSwift";
			requirement = {
				kind = upToNextMajorVersion;
				minimumVersion = 2.2.5;
			};
		};
		BA38E79D2E94987500388513 /* XCRemoteSwiftPackageReference "algorand-devrel-xHD-Wallet-API-swift" */ = {
			isa = XCRemoteSwiftPackageReference;
			repositoryURL = "https://github.com/michaeltchuang/algorand-devrel-xHD-Wallet-API-swift.git";
			requirement = {
				branch = fix/upgrade_sodium;
				kind = branch;
			};
		};
		C291B1E02F292EC700AA5CA6 /* XCRemoteSwiftPackageReference "socket.io-client-swift" */ = {
			isa = XCRemoteSwiftPackageReference;
			repositoryURL = "https://github.com/socketio/socket.io-client-swift.git";
			requirement = {
				kind = revision;
				revision = 42da871d9369f290d6ec4930636c40672143905b;
			};
		};
		C291B1E32F292F0500AA5CA6 /* XCRemoteSwiftPackageReference "WebRTC" */ = {
			isa = XCRemoteSwiftPackageReference;
			repositoryURL = "https://github.com/stasel/WebRTC.git";
			requirement = {
				kind = exactVersion;
				version = 138.0.0;
			};
		};
		C2F9B47B2F24980A00E5B9C2 /* XCRemoteSwiftPackageReference "Base32" */ = {
			isa = XCRemoteSwiftPackageReference;
			repositoryURL = "https://github.com/norio-nomura/Base32";
			requirement = {
				kind = upToNextMajorVersion;
				minimumVersion = 0.9.0;
			};
		};
		C2F9B4822F249C5C00E5B9C2 /* XCRemoteSwiftPackageReference "deterministic-P256-swift" */ = {
			isa = XCRemoteSwiftPackageReference;
			repositoryURL = "https://github.com/algorandfoundation/deterministic-P256-swift/";
			requirement = {
				branch = main;
				kind = branch;
			};
		};
		C2F9B4832F249D1D00E5B9C2 /* XCRemoteSwiftPackageReference "SwiftCBOR" */ = {
			isa = XCRemoteSwiftPackageReference;
			repositoryURL = "https://github.com/valpackett/SwiftCBOR";
			requirement = {
				kind = revision;
				revision = ea5ece79b0efde241495bfaa74eccceeffc382bc;
			};
		};
/* End XCRemoteSwiftPackageReference section */

/* Begin XCSwiftPackageProductDependency section */
		BA1017E22F25E99000A6DC27 /* SwiftCBOR */ = {
			isa = XCSwiftPackageProductDependency;
			package = C2F9B4832F249D1D00E5B9C2 /* XCRemoteSwiftPackageReference "SwiftCBOR" */;
			productName = SwiftCBOR;
		};
		BA1BD23C2E86CB06005CAA71 /* x-hd-wallet-api */ = {
			isa = XCSwiftPackageProductDependency;
			package = BA1BD23B2E86CB06005CAA71 /* XCRemoteSwiftPackageReference "algorand-devrel-xHD-Wallet-API-swift" */;
			productName = "x-hd-wallet-api";
		};
		BA1BD23F2E86CBA2005CAA71 /* ed25519swift */ = {
			isa = XCSwiftPackageProductDependency;
			package = BA1BD23E2E86CBA2005CAA71 /* XCRemoteSwiftPackageReference "ed25519swift" */;
			productName = ed25519swift;
		};
		BA1BD2422E86CBB3005CAA71 /* MnemonicSwift */ = {
			isa = XCSwiftPackageProductDependency;
			package = BA1BD2412E86CBB3005CAA71 /* XCRemoteSwiftPackageReference "MnemonicSwift" */;
			productName = MnemonicSwift;
		};
		BAC162392F2974D20050270D /* SocketIO */ = {
			isa = XCSwiftPackageProductDependency;
			package = C291B1E02F292EC700AA5CA6 /* XCRemoteSwiftPackageReference "socket.io-client-swift" */;
			productName = SocketIO;
		};
		BAC1623B2F2974E40050270D /* Base32 */ = {
			isa = XCSwiftPackageProductDependency;
			package = C2F9B47B2F24980A00E5B9C2 /* XCRemoteSwiftPackageReference "Base32" */;
			productName = Base32;
		};
		BAC1623F2F2974EB0050270D /* deterministicP256-swift */ = {
			isa = XCSwiftPackageProductDependency;
			package = C2F9B4822F249C5C00E5B9C2 /* XCRemoteSwiftPackageReference "deterministic-P256-swift" */;
			productName = "deterministicP256-swift";
		};
		BAC162822F29772F0050270D /* WebRTC */ = {
			isa = XCSwiftPackageProductDependency;
			package = C291B1E32F292F0500AA5CA6 /* XCRemoteSwiftPackageReference "WebRTC" */;
			productName = WebRTC;
		};
		C291B1E12F292EC700AA5CA6 /* SocketIO */ = {
			isa = XCSwiftPackageProductDependency;
			package = C291B1E02F292EC700AA5CA6 /* XCRemoteSwiftPackageReference "socket.io-client-swift" */;
			productName = SocketIO;
		};
		C291B1E42F292F0500AA5CA6 /* WebRTC */ = {
			isa = XCSwiftPackageProductDependency;
			package = C291B1E32F292F0500AA5CA6 /* XCRemoteSwiftPackageReference "WebRTC" */;
			productName = WebRTC;
		};
		C291B2012F29304900AA5CA6 /* Base32 */ = {
			isa = XCSwiftPackageProductDependency;
			package = C2F9B47B2F24980A00E5B9C2 /* XCRemoteSwiftPackageReference "Base32" */;
			productName = Base32;
		};
		C2F9B52D2F25E12E00E5B9C2 /* deterministicP256-swift */ = {
			isa = XCSwiftPackageProductDependency;
			package = C2F9B4822F249C5C00E5B9C2 /* XCRemoteSwiftPackageReference "deterministic-P256-swift" */;
			productName = "deterministicP256-swift";
		};
		C2F9B52F2F25E13500E5B9C2 /* SwiftCBOR */ = {
			isa = XCSwiftPackageProductDependency;
			package = C2F9B4832F249D1D00E5B9C2 /* XCRemoteSwiftPackageReference "SwiftCBOR" */;
			productName = SwiftCBOR;
		};
/* End XCSwiftPackageProductDependency section */
	};
	rootObject = A93A952F29CC810C00F8E227 /* Project object */;
}
