{
  "originHash" : "66903d7ec02cc605891c4411e817288bb35702ebeff0a5f19ba2ca9db656a01d",
  "pins" : [
    {
      "identity" : "algorand-devrel-xhd-wallet-api-swift",
      "kind" : "remoteSourceControl",
      "location" : "https://github.com/michaeltchuang/algorand-devrel-xHD-Wallet-API-swift.git",
      "state" : {
        "branch" : "main",
        "revision" : "43d102eb022965a901ccbe3b763ab6d11d69c36b"
      }
    },
    {
      "identity" : "base32",
      "kind" : "remoteSourceControl",
      "location" : "https://github.com/norio-nomura/Base32",
      "state" : {
        "revision" : "c4bc0a49689999ae2c7c778f3830a6a6e694efb8",
        "version" : "0.9.0"
      }
    },
    {
      "identity" : "bigint",
      "kind" : "remoteSourceControl",
      "location" : "https://github.com/attaswift/BigInt.git",
      "state" : {
        "revision" : "e07e00fa1fd435143a2dcf8b7eec9a7710b2fdfe",
        "version" : "5.7.0"
      }
    },
    {
      "identity" : "collectionconcurrencykit",
      "kind" : "remoteSourceControl",
      "location" : "https://github.com/JohnSundell/CollectionConcurrencyKit.git",
      "state" : {
        "revision" : "b4f23e24b5a1bff301efc5e70871083ca029ff95",
        "version" : "0.2.0"
      }
    },
    {
      "identity" : "cryptoswift",
      "kind" : "remoteSourceControl",
      "location" : "https://github.com/krzyzanowskim/CryptoSwift.git",
      "state" : {
        "revision" : "e45a26384239e028ec87fbcc788f513b67e10d8f",
        "version" : "1.9.0"
      }
    },
    {
      "identity" : "deterministic-p256-swift",
      "kind" : "remoteSourceControl",
      "location" : "https://github.com/algorandfoundation/deterministic-P256-swift/",
      "state" : {
        "branch" : "main",
        "revision" : "4fe03ee04894cb3dcf706b9e70a39588c1cec1c9"
      }
    },
    {
      "identity" : "ed25519swift",
      "kind" : "remoteSourceControl",
      "location" : "https://github.com/pebble8888/ed25519swift",
      "state" : {
        "revision" : "1e821f5516049f5b83aca8cb3b982910cf8c028c",
        "version" : "1.2.8"
      }
    },
    {
      "identity" : "jsonschema.swift",
      "kind" : "remoteSourceControl",
      "location" : "https://github.com/algorandfoundation/JSONSchema.swift.git",
      "state" : {
        "revision" : "92385c024dee684e0b6b9dee6ee067844bf61f38",
        "version" : "0.7.0"
      }
    },
    {
      "identity" : "messagepack.swift",
      "kind" : "remoteSourceControl",
      "location" : "https://github.com/a2/MessagePack.swift.git",
      "state" : {
        "revision" : "27b35fd49e92fcae395bf8ccb233499d89cc7890",
        "version" : "4.0.0"
      }
    },
    {
      "identity" : "mnemonicswift",
      "kind" : "remoteSourceControl",
      "location" : "https://github.com/Electric-Coin-Company/MnemonicSwift",
      "state" : {
        "revision" : "2d7f3e76e904621e111efada6cc9575f39543bb2",
        "version" : "2.2.5"
      }
    },
    {
      "identity" : "pathkit",
      "kind" : "remoteSourceControl",
      "location" : "https://github.com/kylef/PathKit.git",
      "state" : {
        "revision" : "3bfd2737b700b9a36565a8c94f4ad2b050a5e574",
        "version" : "1.0.1"
      }
    },
    {
      "identity" : "sourcekitten",
      "kind" : "remoteSourceControl",
      "location" : "https://github.com/jpsim/SourceKitten.git",
      "state" : {
        "revision" : "731ffe6a35344a19bab00cdca1c952d5b4fee4d8",
        "version" : "0.37.2"
      }
    },
    {
      "identity" : "spectre",
      "kind" : "remoteSourceControl",
      "location" : "https://github.com/kylef/Spectre.git",
      "state" : {
        "revision" : "26cc5e9ae0947092c7139ef7ba612e34646086c7",
        "version" : "0.10.1"
      }
    },
    {
      "identity" : "swift-argument-parser",
      "kind" : "remoteSourceControl",
      "location" : "https://github.com/apple/swift-argument-parser.git",
      "state" : {
        "revision" : "c5d11a805e765f52ba34ec7284bd4fcd6ba68615",
        "version" : "1.7.0"
      }
    },
    {
      "identity" : "swift-crypto",
      "kind" : "remoteSourceControl",
      "location" : "https://github.com/apple/swift-crypto.git",
      "state" : {
        "revision" : "60f13f60c4d093691934dc6cfdf5f508ada1f894",
        "version" : "2.6.0"
      }
    },
    {
      "identity" : "swift-filename-matcher",
      "kind" : "remoteSourceControl",
      "location" : "https://github.com/ileitch/swift-filename-matcher",
      "state" : {
        "revision" : "eef5ac0b6b3cdc64b3039b037bed2def8a1edaeb",
        "version" : "2.0.1"
      }
    },
    {
      "identity" : "swift-sodium-full",
      "kind" : "remoteSourceControl",
      "location" : "https://github.com/algorandfoundation/swift-sodium-full.git",
      "state" : {
        "revision" : "4859e76668cdf80e0b01d76eaf0c70d50e1f1bd9",
        "version" : "1.0.0"
      }
    },
    {
      "identity" : "swift-syntax",
      "kind" : "remoteSourceControl",
      "location" : "https://github.com/swiftlang/swift-syntax.git",
      "state" : {
        "revision" : "15bf440e9a1e105996ae66a1446e91ffe0b3f8e9",
        "version" : "604.0.0-prerelease-2025-12-15"
      }
    },
    {
      "identity" : "swiftcbor",
      "kind" : "remoteSourceControl",
      "location" : "https://github.com/valpackett/SwiftCBOR",
      "state" : {
        "branch" : "master",
        "revision" : "fd929a6d8f7651ce0f63fc99397fd5762358cc29"
      }
    },
    {
      "identity" : "swiftlint",
      "kind" : "remoteSourceControl",
      "location" : "https://github.com/realm/SwiftLint",
      "state" : {
        "revision" : "9120756b6e20e483c35433c41a4c4a9d32fc898b",
        "version" : "0.63.1"
      }
    },
    {
      "identity" : "swiftytexttable",
      "kind" : "remoteSourceControl",
      "location" : "https://github.com/scottrhoyt/SwiftyTextTable.git",
      "state" : {
        "revision" : "c6df6cf533d120716bff38f8ff9885e1ce2a4ac3",
        "version" : "0.9.0"
      }
    },
    {
      "identity" : "swxmlhash",
      "kind" : "remoteSourceControl",
      "location" : "https://github.com/drmohundro/SWXMLHash.git",
      "state" : {
        "revision" : "a853604c9e9a83ad9954c7e3d2a565273982471f",
        "version" : "7.0.2"
      }
    },
    {
      "identity" : "yams",
      "kind" : "remoteSourceControl",
      "location" : "https://github.com/jpsim/Yams.git",
      "state" : {
        "revision" : "51b5127c7fb6ffac106ad6d199aaa33c5024895f",
        "version" : "6.2.0"
      }
    }
  ],
  "version" : 3
}
